// !$*UTF8*$!
{
	archiveVersion = 1;
	classes = {
	};
	objectVersion = 46;
	objects = {

/* Begin PBXBuildFile section */
		F8DC1C0D1C306F3A008920A9 /* AppDelegate.swift in Sources */ = {isa = PBXBuildFile; fileRef = F8DC1C0C1C306F3A008920A9 /* AppDelegate.swift */; };
		F8DC1C0F1C306F3A008920A9 /* ViewController.swift in Sources */ = {isa = PBXBuildFile; fileRef = F8DC1C0E1C306F3A008920A9 /* ViewController.swift */; };
		F8DC1C121C306F3A008920A9 /* Main.storyboard in Resources */ = {isa = PBXBuildFile; fileRef = F8DC1C101C306F3A008920A9 /* Main.storyboard */; };
		F8DC1C141C306F3A008920A9 /* Assets.xcassets in Resources */ = {isa = PBXBuildFile; fileRef = F8DC1C131C306F3A008920A9 /* Assets.xcassets */; };
		F8DC1C171C306F3A008920A9 /* LaunchScreen.storyboard in Resources */ = {isa = PBXBuildFile; fileRef = F8DC1C151C306F3A008920A9 /* LaunchScreen.storyboard */; };
		F8DC1C221C306F3A008920A9 /* AutolayoutTests.swift in Sources */ = {isa = PBXBuildFile; fileRef = F8DC1C211C306F3A008920A9 /* AutolayoutTests.swift */; };
		F8DC1C2D1C306F3A008920A9 /* AutolayoutUITests.swift in Sources */ = {isa = PBXBuildFile; fileRef = F8DC1C2C1C306F3A008920A9 /* AutolayoutUITests.swift */; };
		F8DC1C3C1C3079EC008920A9 /* User.swift in Sources */ = {isa = PBXBuildFile; fileRef = F8DC1C3B1C3079EC008920A9 /* User.swift */; settings = {ASSET_TAGS = (); }; };
/* End PBXBuildFile section */

/* Begin PBXContainerItemProxy section */
		F8DC1C1E1C306F3A008920A9 /* PBXContainerItemProxy */ = {
			isa = PBXContainerItemProxy;
			containerPortal = F8DC1C011C306F39008920A9 /* Project object */;
			proxyType = 1;
			remoteGlobalIDString = F8DC1C081C306F3A008920A9;
			remoteInfo = Autolayout;
		};
		F8DC1C291C306F3A008920A9 /* PBXContainerItemProxy */ = {
			isa = PBXContainerItemProxy;
			containerPortal = F8DC1C011C306F39008920A9 /* Project object */;
			proxyType = 1;
			remoteGlobalIDString = F8DC1C081C306F3A008920A9;
			remoteInfo = Autolayout;
		};
/* End PBXContainerItemProxy section */

/* Begin PBXFileReference section */
		F8DC1C091C306F3A008920A9 /* Autolayout.app */ = {isa = PBXFileReference; explicitFileType = wrapper.application; includeInIndex = 0; path = Autolayout.app; sourceTree = BUILT_PRODUCTS_DIR; };
		F8DC1C0C1C306F3A008920A9 /* AppDelegate.swift */ = {isa = PBXFileReference; lastKnownFileType = sourcecode.swift; path = AppDelegate.swift; sourceTree = "<group>"; };
		F8DC1C0E1C306F3A008920A9 /* ViewController.swift */ = {isa = PBXFileReference; lastKnownFileType = sourcecode.swift; path = ViewController.swift; sourceTree = "<group>"; };
		F8DC1C111C306F3A008920A9 /* Base */ = {isa = PBXFileReference; lastKnownFileType = file.storyboard; name = Base; path = Base.lproj/Main.storyboard; sourceTree = "<group>"; };
		F8DC1C131C306F3A008920A9 /* Assets.xcassets */ = {isa = PBXFileReference; lastKnownFileType = folder.assetcatalog; path = Assets.xcassets; sourceTree = "<group>"; };
		F8DC1C161C306F3A008920A9 /* Base */ = {isa = PBXFileReference; lastKnownFileType = file.storyboard; name = Base; path = Base.lproj/LaunchScreen.storyboard; sourceTree = "<group>"; };
		F8DC1C181C306F3A008920A9 /* Info.plist */ = {isa = PBXFileReference; lastKnownFileType = text.plist.xml; path = Info.plist; sourceTree = "<group>"; };
		F8DC1C1D1C306F3A008920A9 /* AutolayoutTests.xctest */ = {isa = PBXFileReference; explicitFileType = wrapper.cfbundle; includeInIndex = 0; path = AutolayoutTests.xctest; sourceTree = BUILT_PRODUCTS_DIR; };
		F8DC1C211C306F3A008920A9 /* AutolayoutTests.swift */ = {isa = PBXFileReference; lastKnownFileType = sourcecode.swift; path = AutolayoutTests.swift; sourceTree = "<group>"; };
		F8DC1C231C306F3A008920A9 /* Info.plist */ = {isa = PBXFileReference; lastKnownFileType = text.plist.xml; path = Info.plist; sourceTree = "<group>"; };
		F8DC1C281C306F3A008920A9 /* AutolayoutUITests.xctest */ = {isa = PBXFileReference; explicitFileType = wrapper.cfbundle; includeInIndex = 0; path = AutolayoutUITests.xctest; sourceTree = BUILT_PRODUCTS_DIR; };
		F8DC1C2C1C306F3A008920A9 /* AutolayoutUITests.swift */ = {isa = PBXFileReference; lastKnownFileType = sourcecode.swift; path = AutolayoutUITests.swift; sourceTree = "<group>"; };
		F8DC1C2E1C306F3A008920A9 /* Info.plist */ = {isa = PBXFileReference; lastKnownFileType = text.plist.xml; path = Info.plist; sourceTree = "<group>"; };
		F8DC1C3B1C3079EC008920A9 /* User.swift */ = {isa = PBXFileReference; fileEncoding = 4; lastKnownFileType = sourcecode.swift; path = User.swift; sourceTree = "<group>"; };
/* End PBXFileReference section */

/* Begin PBXFrameworksBuildPhase section */
		F8DC1C061C306F3A008920A9 /* Frameworks */ = {
			isa = PBXFrameworksBuildPhase;
			buildActionMask = 2147483647;
			files = (
			);
			runOnlyForDeploymentPostprocessing = 0;
		};
		F8DC1C1A1C306F3A008920A9 /* Frameworks */ = {
			isa = PBXFrameworksBuildPhase;
			buildActionMask = 2147483647;
			files = (
			);
			runOnlyForDeploymentPostprocessing = 0;
		};
		F8DC1C251C306F3A008920A9 /* Frameworks */ = {
			isa = PBXFrameworksBuildPhase;
			buildActionMask = 2147483647;
			files = (
			);
			runOnlyForDeploymentPostprocessing = 0;
		};
/* End PBXFrameworksBuildPhase section */

/* Begin PBXGroup section */
		F8DC1C001C306F39008920A9 = {
			isa = PBXGroup;
			children = (
				F8DC1C0B1C306F3A008920A9 /* Autolayout */,
				F8DC1C201C306F3A008920A9 /* AutolayoutTests */,
				F8DC1C2B1C306F3A008920A9 /* AutolayoutUITests */,
				F8DC1C0A1C306F3A008920A9 /* Products */,
			);
			sourceTree = "<group>";
		};
		F8DC1C0A1C306F3A008920A9 /* Products */ = {
			isa = PBXGroup;
			children = (
				F8DC1C091C306F3A008920A9 /* Autolayout.app */,
				F8DC1C1D1C306F3A008920A9 /* AutolayoutTests.xctest */,
				F8DC1C281C306F3A008920A9 /* AutolayoutUITests.xctest */,
			);
			name = Products;
			sourceTree = "<group>";
		};
		F8DC1C0B1C306F3A008920A9 /* Autolayout */ = {
			isa = PBXGroup;
			children = (
				F8DC1C0E1C306F3A008920A9 /* ViewController.swift */,
				F8DC1C101C306F3A008920A9 /* Main.storyboard */,
				F8DC1C3B1C3079EC008920A9 /* User.swift */,
				F8DC1C131C306F3A008920A9 /* Assets.xcassets */,
				F8DC1C3A1C306FD3008920A9 /* Supporting Files */,
			);
			path = Autolayout;
			sourceTree = "<group>";
		};
		F8DC1C201C306F3A008920A9 /* AutolayoutTests */ = {
			isa = PBXGroup;
			children = (
				F8DC1C211C306F3A008920A9 /* AutolayoutTests.swift */,
				F8DC1C231C306F3A008920A9 /* Info.plist */,
			);
			path = AutolayoutTests;
			sourceTree = "<group>";
		};
		F8DC1C2B1C306F3A008920A9 /* AutolayoutUITests */ = {
			isa = PBXGroup;
			children = (
				F8DC1C2C1C306F3A008920A9 /* AutolayoutUITests.swift */,
				F8DC1C2E1C306F3A008920A9 /* Info.plist */,
			);
			path = AutolayoutUITests;
			sourceTree = "<group>";
		};
		F8DC1C3A1C306FD3008920A9 /* Supporting Files */ = {
			isa = PBXGroup;
			children = (
				F8DC1C0C1C306F3A008920A9 /* AppDelegate.swift */,
				F8DC1C181C306F3A008920A9 /* Info.plist */,
				F8DC1C151C306F3A008920A9 /* LaunchScreen.storyboard */,
			);
			name = "Supporting Files";
			sourceTree = "<group>";
		};
/* End PBXGroup section */

/* Begin PBXNativeTarget section */
		F8DC1C081C306F3A008920A9 /* Autolayout */ = {
			isa = PBXNativeTarget;
			buildConfigurationList = F8DC1C311C306F3A008920A9 /* Build configuration list for PBXNativeTarget "Autolayout" */;
			buildPhases = (
				F8DC1C051C306F3A008920A9 /* Sources */,
				F8DC1C061C306F3A008920A9 /* Frameworks */,
				F8DC1C071C306F3A008920A9 /* Resources */,
			);
			buildRules = (
			);
			dependencies = (
			);
			name = Autolayout;
			productName = Autolayout;
			productReference = F8DC1C091C306F3A008920A9 /* Autolayout.app */;
			productType = "com.apple.product-type.application";
		};
		F8DC1C1C1C306F3A008920A9 /* AutolayoutTests */ = {
			isa = PBXNativeTarget;
			buildConfigurationList = F8DC1C341C306F3A008920A9 /* Build configuration list for PBXNativeTarget "AutolayoutTests" */;
			buildPhases = (
				F8DC1C191C306F3A008920A9 /* Sources */,
				F8DC1C1A1C306F3A008920A9 /* Frameworks */,
				F8DC1C1B1C306F3A008920A9 /* Resources */,
			);
			buildRules = (
			);
			dependencies = (
				F8DC1C1F1C306F3A008920A9 /* PBXTargetDependency */,
			);
			name = AutolayoutTests;
			productName = AutolayoutTests;
			productReference = F8DC1C1D1C306F3A008920A9 /* AutolayoutTests.xctest */;
			productType = "com.apple.product-type.bundle.unit-test";
		};
		F8DC1C271C306F3A008920A9 /* AutolayoutUITests */ = {
			isa = PBXNativeTarget;
			buildConfigurationList = F8DC1C371C306F3A008920A9 /* Build configuration list for PBXNativeTarget "AutolayoutUITests" */;
			buildPhases = (
				F8DC1C241C306F3A008920A9 /* Sources */,
				F8DC1C251C306F3A008920A9 /* Frameworks */,
				F8DC1C261C306F3A008920A9 /* Resources */,
			);
			buildRules = (
			);
			dependencies = (
				F8DC1C2A1C306F3A008920A9 /* PBXTargetDependency */,
			);
			name = AutolayoutUITests;
			productName = AutolayoutUITests;
			productReference = F8DC1C281C306F3A008920A9 /* AutolayoutUITests.xctest */;
			productType = "com.apple.product-type.bundle.ui-testing";
		};
/* End PBXNativeTarget section */

/* Begin PBXProject section */
		F8DC1C011C306F39008920A9 /* Project object */ = {
			isa = PBXProject;
			attributes = {
				LastUpgradeCheck = 0700;
				ORGANIZATIONNAME = "Trong Le";
				TargetAttributes = {
					F8DC1C081C306F3A008920A9 = {
						CreatedOnToolsVersion = 7.0.1;
					};
					F8DC1C1C1C306F3A008920A9 = {
						CreatedOnToolsVersion = 7.0.1;
						TestTargetID = F8DC1C081C306F3A008920A9;
					};
					F8DC1C271C306F3A008920A9 = {
						CreatedOnToolsVersion = 7.0.1;
						TestTargetID = F8DC1C081C306F3A008920A9;
					};
				};
			};
			buildConfigurationList = F8DC1C041C306F3A008920A9 /* Build configuration list for PBXProject "Autolayout" */;
			compatibilityVersion = "Xcode 3.2";
			developmentRegion = English;
			hasScannedForEncodings = 0;
			knownRegions = (
				en,
				Base,
			);
			mainGroup = F8DC1C001C306F39008920A9;
			productRefGroup = F8DC1C0A1C306F3A008920A9 /* Products */;
			projectDirPath = "";
			projectRoot = "";
			targets = (
				F8DC1C081C306F3A008920A9 /* Autolayout */,
				F8DC1C1C1C306F3A008920A9 /* AutolayoutTests */,
				F8DC1C271C306F3A008920A9 /* AutolayoutUITests */,
			);
		};
/* End PBXProject section */

/* Begin PBXResourcesBuildPhase section */
		F8DC1C071C306F3A008920A9 /* Resources */ = {
			isa = PBXResourcesBuildPhase;
			buildActionMask = 2147483647;
			files = (
				F8DC1C171C306F3A008920A9 /* LaunchScreen.storyboard in Resources */,
				F8DC1C141C306F3A008920A9 /* Assets.xcassets in Resources */,
				F8DC1C121C306F3A008920A9 /* Main.storyboard in Resources */,
			);
			runOnlyForDeploymentPostprocessing = 0;
		};
		F8DC1C1B1C306F3A008920A9 /* Resources */ = {
			isa = PBXResourcesBuildPhase;
			buildActionMask = 2147483647;
			files = (
			);
			runOnlyForDeploymentPostprocessing = 0;
		};
		F8DC1C261C306F3A008920A9 /* Resources */ = {
			isa = PBXResourcesBuildPhase;
			buildActionMask = 2147483647;
			files = (
			);
			runOnlyForDeploymentPostprocessing = 0;
		};
/* End PBXResourcesBuildPhase section */

/* Begin PBXSourcesBuildPhase section */
		F8DC1C051C306F3A008920A9 /* Sources */ = {
			isa = PBXSourcesBuildPhase;
			buildActionMask = 2147483647;
			files = (
				F8DC1C0F1C306F3A008920A9 /* ViewController.swift in Sources */,
				F8DC1C0D1C306F3A008920A9 /* AppDelegate.swift in Sources */,
				F8DC1C3C1C3079EC008920A9 /* User.swift in Sources */,
			);
			runOnlyForDeploymentPostprocessing = 0;
		};
		F8DC1C191C306F3A008920A9 /* Sources */ = {
			isa = PBXSourcesBuildPhase;
			buildActionMask = 2147483647;
			files = (
				F8DC1C221C306F3A008920A9 /* AutolayoutTests.swift in Sources */,
			);
			runOnlyForDeploymentPostprocessing = 0;
		};
		F8DC1C241C306F3A008920A9 /* Sources */ = {
			isa = PBXSourcesBuildPhase;
			buildActionMask = 2147483647;
			files = (
				F8DC1C2D1C306F3A008920A9 /* AutolayoutUITests.swift in Sources */,
			);
			runOnlyForDeploymentPostprocessing = 0;
		};
/* End PBXSourcesBuildPhase section */

/* Begin PBXTargetDependency section */
		F8DC1C1F1C306F3A008920A9 /* PBXTargetDependency */ = {
			isa = PBXTargetDependency;
			target = F8DC1C081C306F3A008920A9 /* Autolayout */;
			targetProxy = F8DC1C1E1C306F3A008920A9 /* PBXContainerItemProxy */;
		};
		F8DC1C2A1C306F3A008920A9 /* PBXTargetDependency */ = {
			isa = PBXTargetDependency;
			target = F8DC1C081C306F3A008920A9 /* Autolayout */;
			targetProxy = F8DC1C291C306F3A008920A9 /* PBXContainerItemProxy */;
		};
/* End PBXTargetDependency section */

/* Begin PBXVariantGroup section */
		F8DC1C101C306F3A008920A9 /* Main.storyboard */ = {
			isa = PBXVariantGroup;
			children = (
				F8DC1C111C306F3A008920A9 /* Base */,
			);
			name = Main.storyboard;
			sourceTree = "<group>";
		};
		F8DC1C151C306F3A008920A9 /* LaunchScreen.storyboard */ = {
			isa = PBXVariantGroup;
			children = (
				F8DC1C161C306F3A008920A9 /* Base */,
			);
			name = LaunchScreen.storyboard;
			sourceTree = "<group>";
		};
/* End PBXVariantGroup section */

/* Begin XCBuildConfiguration section */
		F8DC1C2F1C306F3A008920A9 /* Debug */ = {
			isa = XCBuildConfiguration;
			buildSettings = {
				ALWAYS_SEARCH_USER_PATHS = NO;
				CLANG_CXX_LANGUAGE_STANDARD = "gnu++0x";
				CLANG_CXX_LIBRARY = "libc++";
				CLANG_ENABLE_MODULES = YES;
				CLANG_ENABLE_OBJC_ARC = YES;
				CLANG_WARN_BOOL_CONVERSION = YES;
				CLANG_WARN_CONSTANT_CONVERSION = YES;
				CLANG_WARN_DIRECT_OBJC_ISA_USAGE = YES_ERROR;
				CLANG_WARN_EMPTY_BODY = YES;
				CLANG_WARN_ENUM_CONVERSION = YES;
				CLANG_WARN_INT_CONVERSION = YES;
				CLANG_WARN_OBJC_ROOT_CLASS = YES_ERROR;
				CLANG_WARN_UNREACHABLE_CODE = YES;
				CLANG_WARN__DUPLICATE_METHOD_MATCH = YES;
				"CODE_SIGN_IDENTITY[sdk=iphoneos*]" = "iPhone Developer";
				COPY_PHASE_STRIP = NO;
				DEBUG_INFORMATION_FORMAT = dwarf;
				ENABLE_STRICT_OBJC_MSGSEND = YES;
				ENABLE_TESTABILITY = YES;
				GCC_C_LANGUAGE_STANDARD = gnu99;
				GCC_DYNAMIC_NO_PIC = NO;
				GCC_NO_COMMON_BLOCKS = YES;
				GCC_OPTIMIZATION_LEVEL = 0;
				GCC_PREPROCESSOR_DEFINITIONS = (
					"DEBUG=1",
					"$(inherited)",
				);
				GCC_WARN_64_TO_32_BIT_CONVERSION = YES;
				GCC_WARN_ABOUT_RETURN_TYPE = YES_ERROR;
				GCC_WARN_UNDECLARED_SELECTOR = YES;
				GCC_WARN_UNINITIALIZED_AUTOS = YES_AGGRESSIVE;
				GCC_WARN_UNUSED_FUNCTION = YES;
				GCC_WARN_UNUSED_VARIABLE = YES;
				IPHONEOS_DEPLOYMENT_TARGET = 9.0;
				MTL_ENABLE_DEBUG_INFO = YES;
				ONLY_ACTIVE_ARCH = YES;
				SDKROOT = iphoneos;
				SWIFT_OPTIMIZATION_LEVEL = "-Onone";
				TARGETED_DEVICE_FAMILY = "1,2";
			};
			name = Debug;
		};
		F8DC1C301C306F3A008920A9 /* Release */ = {
			isa = XCBuildConfiguration;
			buildSettings = {
				ALWAYS_SEARCH_USER_PATHS = NO;
				CLANG_CXX_LANGUAGE_STANDARD = "gnu++0x";
				CLANG_CXX_LIBRARY = "libc++";
				CLANG_ENABLE_MODULES = YES;
				CLANG_ENABLE_OBJC_ARC = YES;
				CLANG_WARN_BOOL_CONVERSION = YES;
				CLANG_WARN_CONSTANT_CONVERSION = YES;
				CLANG_WARN_DIRECT_OBJC_ISA_USAGE = YES_ERROR;
				CLANG_WARN_EMPTY_BODY = YES;
				CLANG_WARN_ENUM_CONVERSION = YES;
				CLANG_WARN_INT_CONVERSION = YES;
				CLANG_WARN_OBJC_ROOT_CLASS = YES_ERROR;
				CLANG_WARN_UNREACHABLE_CODE = YES;
				CLANG_WARN__DUPLICATE_METHOD_MATCH = YES;
				"CODE_SIGN_IDENTITY[sdk=iphoneos*]" = "iPhone Developer";
				COPY_PHASE_STRIP = NO;
				DEBUG_INFORMATION_FORMAT = "dwarf-with-dsym";
				ENABLE_NS_ASSERTIONS = NO;
				ENABLE_STRICT_OBJC_MSGSEND = YES;
				GCC_C_LANGUAGE_STANDARD = gnu99;
				GCC_NO_COMMON_BLOCKS = YES;
				GCC_WARN_64_TO_32_BIT_CONVERSION = YES;
				GCC_WARN_ABOUT_RETURN_TYPE = YES_ERROR;
				GCC_WARN_UNDECLARED_SELECTOR = YES;
				GCC_WARN_UNINITIALIZED_AUTOS = YES_AGGRESSIVE;
				GCC_WARN_UNUSED_FUNCTION = YES;
				GCC_WARN_UNUSED_VARIABLE = YES;
				IPHONEOS_DEPLOYMENT_TARGET = 9.0;
				MTL_ENABLE_DEBUG_INFO = NO;
				SDKROOT = iphoneos;
				TARGETED_DEVICE_FAMILY = "1,2";
				VALIDATE_PRODUCT = YES;
			};
			name = Release;
		};
		F8DC1C321C306F3A008920A9 /* Debug */ = {
			isa = XCBuildConfiguration;
			buildSettings = {
				ASSETCATALOG_COMPILER_APPICON_NAME = AppIcon;
				INFOPLIST_FILE = Autolayout/Info.plist;
				LD_RUNPATH_SEARCH_PATHS = "$(inherited) @executable_path/Frameworks";
				PRODUCT_BUNDLE_IDENTIFIER = Trong.Le.Autolayout;
				PRODUCT_NAME = "$(TARGET_NAME)";
			};
			name = Debug;
		};
		F8DC1C331C306F3A008920A9 /* Release */ = {
			isa = XCBuildConfiguration;
			buildSettings = {
				ASSETCATALOG_COMPILER_APPICON_NAME = AppIcon;
				INFOPLIST_FILE = Autolayout/Info.plist;
				LD_RUNPATH_SEARCH_PATHS = "$(inherited) @executable_path/Frameworks";
				PRODUCT_BUNDLE_IDENTIFIER = Trong.Le.Autolayout;
				PRODUCT_NAME = "$(TARGET_NAME)";
			};
			name = Release;
		};
		F8DC1C351C306F3A008920A9 /* Debug */ = {
			isa = XCBuildConfiguration;
			buildSettings = {
				BUNDLE_LOADER = "$(TEST_HOST)";
				INFOPLIST_FILE = AutolayoutTests/Info.plist;
				LD_RUNPATH_SEARCH_PATHS = "$(inherited) @executable_path/Frameworks @loader_path/Frameworks";
				PRODUCT_BUNDLE_IDENTIFIER = Trong.Le.AutolayoutTests;
				PRODUCT_NAME = "$(TARGET_NAME)";
				TEST_HOST = "$(BUILT_PRODUCTS_DIR)/Autolayout.app/Autolayout";
			};
			name = Debug;
		};
		F8DC1C361C306F3A008920A9 /* Release */ = {
			isa = XCBuildConfiguration;
			buildSettings = {
				BUNDLE_LOADER = "$(TEST_HOST)";
				INFOPLIST_FILE = AutolayoutTests/Info.plist;
				LD_RUNPATH_SEARCH_PATHS = "$(inherited) @executable_path/Frameworks @loader_path/Frameworks";
				PRODUCT_BUNDLE_IDENTIFIER = Trong.Le.AutolayoutTests;
				PRODUCT_NAME = "$(TARGET_NAME)";
				TEST_HOST = "$(BUILT_PRODUCTS_DIR)/Autolayout.app/Autolayout";
			};
			name = Release;
		};
		F8DC1C381C306F3A008920A9 /* Debug */ = {
			isa = XCBuildConfiguration;
			buildSettings = {
				INFOPLIST_FILE = AutolayoutUITests/Info.plist;
				LD_RUNPATH_SEARCH_PATHS = "$(inherited) @executable_path/Frameworks @loader_path/Frameworks";
				PRODUCT_BUNDLE_IDENTIFIER = Trong.Le.AutolayoutUITests;
				PRODUCT_NAME = "$(TARGET_NAME)";
				TEST_TARGET_NAME = Autolayout;
				USES_XCTRUNNER = YES;
			};
			name = Debug;
		};
		F8DC1C391C306F3A008920A9 /* Release */ = {
			isa = XCBuildConfiguration;
			buildSettings = {
				INFOPLIST_FILE = AutolayoutUITests/Info.plist;
				LD_RUNPATH_SEARCH_PATHS = "$(inherited) @executable_path/Frameworks @loader_path/Frameworks";
				PRODUCT_BUNDLE_IDENTIFIER = Trong.Le.AutolayoutUITests;
				PRODUCT_NAME = "$(TARGET_NAME)";
				TEST_TARGET_NAME = Autolayout;
				USES_XCTRUNNER = YES;
			};
			name = Release;
		};
/* End XCBuildConfiguration section */

/* Begin XCConfigurationList section */
		F8DC1C041C306F3A008920A9 /* Build configuration list for PBXProject "Autolayout" */ = {
			isa = XCConfigurationList;
			buildConfigurations = (
				F8DC1C2F1C306F3A008920A9 /* Debug */,
				F8DC1C301C306F3A008920A9 /* Release */,
			);
			defaultConfigurationIsVisible = 0;
			defaultConfigurationName = Release;
		};
		F8DC1C311C306F3A008920A9 /* Build configuration list for PBXNativeTarget "Autolayout" */ = {
			isa = XCConfigurationList;
			buildConfigurations = (
				F8DC1C321C306F3A008920A9 /* Debug */,
				F8DC1C331C306F3A008920A9 /* Release */,
			);
			defaultConfigurationIsVisible = 0;
		};
		F8DC1C341C306F3A008920A9 /* Build configuration list for PBXNativeTarget "AutolayoutTests" */ = {
			isa = XCConfigurationList;
			buildConfigurations = (
				F8DC1C351C306F3A008920A9 /* Debug */,
				F8DC1C361C306F3A008920A9 /* Release */,
			);
			defaultConfigurationIsVisible = 0;
		};
		F8DC1C371C306F3A008920A9 /* Build configuration list for PBXNativeTarget "AutolayoutUITests" */ = {
			isa = XCConfigurationList;
			buildConfigurations = (
				F8DC1C381C306F3A008920A9 /* Debug */,
				F8DC1C391C306F3A008920A9 /* Release */,
			);
			defaultConfigurationIsVisible = 0;
		};
/* End XCConfigurationList section */
	};
	rootObject = F8DC1C011C306F39008920A9 /* Project object */;
}
